
Microsoft Visual Studio Solution File, Format Version 12.00
Project("{FAE04EC0-301F-11D3-BF4B-00C04F79EFBC}") = "SeleniumtestBelozerov", "SeleniumtestBelozerov\SeleniumtestBelozerov.csproj", "{FA335478-3072-43CC-9B35-D84FBE20A5CF}"
EndProject
Global
	GlobalSection(SolutionConfigurationPlatforms) = preSolution
		Debug|Any CPU = Debug|Any CPU
		Release|Any CPU = Release|Any CPU
	EndGlobalSection
	GlobalSection(ProjectConfigurationPlatforms) = postSolution
		{FA335478-3072-43CC-9B35-D84FBE20A5CF}.Debug|Any CPU.ActiveCfg = Debug|Any CPU
		{FA335478-3072-43CC-9B35-D84FBE20A5CF}.Debug|Any CPU.Build.0 = Debug|Any CPU
		{FA335478-3072-43CC-9B35-D84FBE20A5CF}.Release|Any CPU.ActiveCfg = Release|Any CPU
		{FA335478-3072-43CC-9B35-D84FBE20A5CF}.Release|Any CPU.Build.0 = Release|Any CPU
	EndGlobalSection
EndGlobal
